
Microsoft Visual Studio Solution File, Format Version 12.00
# Visual Studio 14
VisualStudioVersion = 14.0.25123.0
MinimumVisualStudioVersion = 10.0.40219.1
Project("{FAE04EC0-301F-11D3-BF4B-00C04F79EFBC}") = "market2", "market2\market2.csproj", "{7FE872F5-566B-4B13-BE83-1C86927BBBB6}"
EndProject
Project("{FAE04EC0-301F-11D3-BF4B-00C04F79EFBC}") = "11MAKET", "11MAKET\11MAKET.csproj", "{F834FBAD-42B3-4AFC-884C-6170564D0061}"
EndProject
Project("{FAE04EC0-301F-11D3-BF4B-00C04F79EFBC}") = "AUCTION", "AUCTION\AUCTION.csproj", "{D31CEC0C-3FB8-457E-AF43-93D331577AA0}"
EndProject
Project("{FAE04EC0-301F-11D3-BF4B-00C04F79EFBC}") = "CJMALL", "CJMALL\CJMALL.csproj", "{687BE7CA-C358-4298-91D9-237D8BA6DBBD}"
EndProject
Project("{FAE04EC0-301F-11D3-BF4B-00C04F79EFBC}") = "CONNECTDANAWA", "CONNECTDANAWA\CONNECTDANAWA.csproj", "{3945F60A-19DA-42FB-BC3E-B6FEDA5CAD74}"
EndProject
Project("{FAE04EC0-301F-11D3-BF4B-00C04F79EFBC}") = "CONNECTNAVER", "CONNECTNAVER\CONNECTNAVER.csproj", "{E3B7CDE6-8114-4C87-B54F-3DC69F08AA9F}"
EndProject
Project("{FAE04EC0-301F-11D3-BF4B-00C04F79EFBC}") = "DANAWA", "DANAWA\DANAWA.csproj", "{201C3A4F-FD26-41A0-A2B6-20123C2D32E6}"
EndProject
Project("{FAE04EC0-301F-11D3-BF4B-00C04F79EFBC}") = "GMARKET", "GMARKET\GMARKET.csproj", "{9CEDE211-23F5-4BF1-8EEC-FA18B87CFE54}"
EndProject
Project("{FAE04EC0-301F-11D3-BF4B-00C04F79EFBC}") = "GSSHOP", "GSSHOP\GSSHOP.csproj", "{7A929A2B-BB1E-451E-A680-A3ED35FBF6D5}"
EndProject
Project("{FAE04EC0-301F-11D3-BF4B-00C04F79EFBC}") = "NAVER", "NAVER\NAVER.csproj", "{D9A184C5-6C81-428F-9AA5-46D12DF7ACED}"
EndProject
Project("{FAE04EC0-301F-11D3-BF4B-00C04F79EFBC}") = "PROINFO", "PROINFO\PROINFO.csproj", "{825B1FD8-2180-49DB-9864-EBA726B14EB8}"
EndProject
Project("{FAE04EC0-301F-11D3-BF4B-00C04F79EFBC}") = "MARKETINFOCOMBINE", "MARKETINFOCOMBINE\MARKETINFOCOMBINE.csproj", "{E9E61E96-5054-48FB-98FF-F2381D57A006}"
EndProject
Global
	GlobalSection(SolutionConfigurationPlatforms) = preSolution
		Debug|Any CPU = Debug|Any CPU
		Release|Any CPU = Release|Any CPU
	EndGlobalSection
	GlobalSection(ProjectConfigurationPlatforms) = postSolution
		{7FE872F5-566B-4B13-BE83-1C86927BBBB6}.Debug|Any CPU.ActiveCfg = Debug|Any CPU
		{7FE872F5-566B-4B13-BE83-1C86927BBBB6}.Debug|Any CPU.Build.0 = Debug|Any CPU
		{7FE872F5-566B-4B13-BE83-1C86927BBBB6}.Release|Any CPU.ActiveCfg = Release|Any CPU
		{7FE872F5-566B-4B13-BE83-1C86927BBBB6}.Release|Any CPU.Build.0 = Release|Any CPU
		{F834FBAD-42B3-4AFC-884C-6170564D0061}.Debug|Any CPU.ActiveCfg = Debug|Any CPU
		{F834FBAD-42B3-4AFC-884C-6170564D0061}.Debug|Any CPU.Build.0 = Debug|Any CPU
		{F834FBAD-42B3-4AFC-884C-6170564D0061}.Release|Any CPU.ActiveCfg = Release|Any CPU
		{F834FBAD-42B3-4AFC-884C-6170564D0061}.Release|Any CPU.Build.0 = Release|Any CPU
		{D31CEC0C-3FB8-457E-AF43-93D331577AA0}.Debug|Any CPU.ActiveCfg = Debug|Any CPU
		{D31CEC0C-3FB8-457E-AF43-93D331577AA0}.Debug|Any CPU.Build.0 = Debug|Any CPU
		{D31CEC0C-3FB8-457E-AF43-93D331577AA0}.Release|Any CPU.ActiveCfg = Release|Any CPU
		{D31CEC0C-3FB8-457E-AF43-93D331577AA0}.Release|Any CPU.Build.0 = Release|Any CPU
		{687BE7CA-C358-4298-91D9-237D8BA6DBBD}.Debug|Any CPU.ActiveCfg = Debug|Any CPU
		{687BE7CA-C358-4298-91D9-237D8BA6DBBD}.Debug|Any CPU.Build.0 = Debug|Any CPU
		{687BE7CA-C358-4298-91D9-237D8BA6DBBD}.Release|Any CPU.ActiveCfg = Release|Any CPU
		{687BE7CA-C358-4298-91D9-237D8BA6DBBD}.Release|Any CPU.Build.0 = Release|Any CPU
		{3945F60A-19DA-42FB-BC3E-B6FEDA5CAD74}.Debug|Any CPU.ActiveCfg = Debug|Any CPU
		{3945F60A-19DA-42FB-BC3E-B6FEDA5CAD74}.Debug|Any CPU.Build.0 = Debug|Any CPU
		{3945F60A-19DA-42FB-BC3E-B6FEDA5CAD74}.Release|Any CPU.ActiveCfg = Release|Any CPU
		{3945F60A-19DA-42FB-BC3E-B6FEDA5CAD74}.Release|Any CPU.Build.0 = Release|Any CPU
		{E3B7CDE6-8114-4C87-B54F-3DC69F08AA9F}.Debug|Any CPU.ActiveCfg = Debug|Any CPU
		{E3B7CDE6-8114-4C87-B54F-3DC69F08AA9F}.Debug|Any CPU.Build.0 = Debug|Any CPU
		{E3B7CDE6-8114-4C87-B54F-3DC69F08AA9F}.Release|Any CPU.ActiveCfg = Release|Any CPU
		{E3B7CDE6-8114-4C87-B54F-3DC69F08AA9F}.Release|Any CPU.Build.0 = Release|Any CPU
		{201C3A4F-FD26-41A0-A2B6-20123C2D32E6}.Debug|Any CPU.ActiveCfg = Debug|Any CPU
		{201C3A4F-FD26-41A0-A2B6-20123C2D32E6}.Debug|Any CPU.Build.0 = Debug|Any CPU
		{201C3A4F-FD26-41A0-A2B6-20123C2D32E6}.Release|Any CPU.ActiveCfg = Release|Any CPU
		{201C3A4F-FD26-41A0-A2B6-20123C2D32E6}.Release|Any CPU.Build.0 = Release|Any CPU
		{9CEDE211-23F5-4BF1-8EEC-FA18B87CFE54}.Debug|Any CPU.ActiveCfg = Debug|Any CPU
		{9CEDE211-23F5-4BF1-8EEC-FA18B87CFE54}.Debug|Any CPU.Build.0 = Debug|Any CPU
		{9CEDE211-23F5-4BF1-8EEC-FA18B87CFE54}.Release|Any CPU.ActiveCfg = Release|Any CPU
		{9CEDE211-23F5-4BF1-8EEC-FA18B87CFE54}.Release|Any CPU.Build.0 = Release|Any CPU
		{7A929A2B-BB1E-451E-A680-A3ED35FBF6D5}.Debug|Any CPU.ActiveCfg = Debug|Any CPU
		{7A929A2B-BB1E-451E-A680-A3ED35FBF6D5}.Debug|Any CPU.Build.0 = Debug|Any CPU
		{7A929A2B-BB1E-451E-A680-A3ED35FBF6D5}.Release|Any CPU.ActiveCfg = Release|Any CPU
		{7A929A2B-BB1E-451E-A680-A3ED35FBF6D5}.Release|Any CPU.Build.0 = Release|Any CPU
		{D9A184C5-6C81-428F-9AA5-46D12DF7ACED}.Debug|Any CPU.ActiveCfg = Debug|Any CPU
		{D9A184C5-6C81-428F-9AA5-46D12DF7ACED}.Debug|Any CPU.Build.0 = Debug|Any CPU
		{D9A184C5-6C81-428F-9AA5-46D12DF7ACED}.Release|Any CPU.ActiveCfg = Release|Any CPU
		{D9A184C5-6C81-428F-9AA5-46D12DF7ACED}.Release|Any CPU.Build.0 = Release|Any CPU
		{825B1FD8-2180-49DB-9864-EBA726B14EB8}.Debug|Any CPU.ActiveCfg = Debug|Any CPU
		{825B1FD8-2180-49DB-9864-EBA726B14EB8}.Debug|Any CPU.Build.0 = Debug|Any CPU
		{825B1FD8-2180-49DB-9864-EBA726B14EB8}.Release|Any CPU.ActiveCfg = Release|Any CPU
		{825B1FD8-2180-49DB-9864-EBA726B14EB8}.Release|Any CPU.Build.0 = Release|Any CPU
		{E9E61E96-5054-48FB-98FF-F2381D57A006}.Debug|Any CPU.ActiveCfg = Debug|Any CPU
		{E9E61E96-5054-48FB-98FF-F2381D57A006}.Debug|Any CPU.Build.0 = Debug|Any CPU
		{E9E61E96-5054-48FB-98FF-F2381D57A006}.Release|Any CPU.ActiveCfg = Release|Any CPU
		{E9E61E96-5054-48FB-98FF-F2381D57A006}.Release|Any CPU.Build.0 = Release|Any CPU
	EndGlobalSection
	GlobalSection(SolutionProperties) = preSolution
		HideSolutionNode = FALSE
	EndGlobalSection
EndGlobal
